// !$*UTF8*$!
{
	archiveVersion = 1;
	classes = {
	};
	objectVersion = 48;
	objects = {

/* Begin PBXBuildFile section */
		6C5E7B401FCAB114009CA3CD /* AppDelegate.swift in Sources */ = {isa = PBXBuildFile; fileRef = 6C5E7B3F1FCAB114009CA3CD /* AppDelegate.swift */; };
		6C5E7B421FCAB114009CA3CD /* ViewController.swift in Sources */ = {isa = PBXBuildFile; fileRef = 6C5E7B411FCAB114009CA3CD /* ViewController.swift */; };
		6C5E7B451FCAB114009CA3CD /* Main.storyboard in Resources */ = {isa = PBXBuildFile; fileRef = 6C5E7B431FCAB114009CA3CD /* Main.storyboard */; };
		6C5E7B471FCAB114009CA3CD /* Assets.xcassets in Resources */ = {isa = PBXBuildFile; fileRef = 6C5E7B461FCAB114009CA3CD /* Assets.xcassets */; };
		6C5E7B4A1FCAB114009CA3CD /* LaunchScreen.storyboard in Resources */ = {isa = PBXBuildFile; fileRef = 6C5E7B481FCAB114009CA3CD /* LaunchScreen.storyboard */; };
		902F5EDD5FDA0E7A8C780319 /* Pods_ActionForRxSwiftSample.framework in Frameworks */ = {isa = PBXBuildFile; fileRef = 6172936EE862EB8DA63BA223 /* Pods_ActionForRxSwiftSample.framework */; };
/* End PBXBuildFile section */

/* Begin PBXFileReference section */
		1AF1577F507B12A675707C6C /* Pods-ActionForRxSwiftSample.debug.xcconfig */ = {isa = PBXFileReference; includeInIndex = 1; lastKnownFileType = text.xcconfig; name = "Pods-ActionForRxSwiftSample.debug.xcconfig"; path = "Pods/Target Support Files/Pods-ActionForRxSwiftSample/Pods-ActionForRxSwiftSample.debug.xcconfig"; sourceTree = "<group>"; };
		5C8ADF425D7ACF22339D74D3 /* Pods-ActionForRxSwiftSample.release.xcconfig */ = {isa = PBXFileReference; includeInIndex = 1; lastKnownFileType = text.xcconfig; name = "Pods-ActionForRxSwiftSample.release.xcconfig"; path = "Pods/Target Support Files/Pods-ActionForRxSwiftSample/Pods-ActionForRxSwiftSample.release.xcconfig"; sourceTree = "<group>"; };
		6172936EE862EB8DA63BA223 /* Pods_ActionForRxSwiftSample.framework */ = {isa = PBXFileReference; explicitFileType = wrapper.framework; includeInIndex = 0; path = Pods_ActionForRxSwiftSample.framework; sourceTree = BUILT_PRODUCTS_DIR; };
		6C5E7B3C1FCAB114009CA3CD /* ActionForRxSwiftSample.app */ = {isa = PBXFileReference; explicitFileType = wrapper.application; includeInIndex = 0; path = ActionForRxSwiftSample.app; sourceTree = BUILT_PRODUCTS_DIR; };
		6C5E7B3F1FCAB114009CA3CD /* AppDelegate.swift */ = {isa = PBXFileReference; lastKnownFileType = sourcecode.swift; path = AppDelegate.swift; sourceTree = "<group>"; };
		6C5E7B411FCAB114009CA3CD /* ViewController.swift */ = {isa = PBXFileReference; lastKnownFileType = sourcecode.swift; path = ViewController.swift; sourceTree = "<group>"; };
		6C5E7B441FCAB114009CA3CD /* Base */ = {isa = PBXFileReference; lastKnownFileType = file.storyboard; name = Base; path = Base.lproj/Main.storyboard; sourceTree = "<group>"; };
		6C5E7B461FCAB114009CA3CD /* Assets.xcassets */ = {isa = PBXFileReference; lastKnownFileType = folder.assetcatalog; path = Assets.xcassets; sourceTree = "<group>"; };
		6C5E7B491FCAB114009CA3CD /* Base */ = {isa = PBXFileReference; lastKnownFileType = file.storyboard; name = Base; path = Base.lproj/LaunchScreen.storyboard; sourceTree = "<group>"; };
		6C5E7B4B1FCAB114009CA3CD /* Info.plist */ = {isa = PBXFileReference; lastKnownFileType = text.plist.xml; path = Info.plist; sourceTree = "<group>"; };
/* End PBXFileReference section */

/* Begin PBXFrameworksBuildPhase section */
		6C5E7B391FCAB114009CA3CD /* Frameworks */ = {
			isa = PBXFrameworksBuildPhase;
			buildActionMask = 2147483647;
			files = (
				902F5EDD5FDA0E7A8C780319 /* Pods_ActionForRxSwiftSample.framework in Frameworks */,
			);
			runOnlyForDeploymentPostprocessing = 0;
		};
/* End PBXFrameworksBuildPhase section */

/* Begin PBXGroup section */
		6C5E7B331FCAB114009CA3CD = {
			isa = PBXGroup;
			children = (
				6C5E7B3E1FCAB114009CA3CD /* ActionForRxSwiftSample */,
				6C5E7B3D1FCAB114009CA3CD /* Products */,
				F3106DFB48C99F4DFAF3F636 /* Pods */,
				9420E05E6460DFF16D6088EC /* Frameworks */,
			);
			sourceTree = "<group>";
		};
		6C5E7B3D1FCAB114009CA3CD /* Products */ = {
			isa = PBXGroup;
			children = (
				6C5E7B3C1FCAB114009CA3CD /* ActionForRxSwiftSample.app */,
			);
			name = Products;
			sourceTree = "<group>";
		};
		6C5E7B3E1FCAB114009CA3CD /* ActionForRxSwiftSample */ = {
			isa = PBXGroup;
			children = (
				6C5E7B3F1FCAB114009CA3CD /* AppDelegate.swift */,
				6C5E7B411FCAB114009CA3CD /* ViewController.swift */,
				6C5E7B431FCAB114009CA3CD /* Main.storyboard */,
				6C5E7B461FCAB114009CA3CD /* Assets.xcassets */,
				6C5E7B481FCAB114009CA3CD /* LaunchScreen.storyboard */,
				6C5E7B4B1FCAB114009CA3CD /* Info.plist */,
			);
			path = ActionForRxSwiftSample;
			sourceTree = "<group>";
		};
		9420E05E6460DFF16D6088EC /* Frameworks */ = {
			isa = PBXGroup;
			children = (
				6172936EE862EB8DA63BA223 /* Pods_ActionForRxSwiftSample.framework */,
			);
			name = Frameworks;
			sourceTree = "<group>";
		};
		F3106DFB48C99F4DFAF3F636 /* Pods */ = {
			isa = PBXGroup;
			children = (
				1AF1577F507B12A675707C6C /* Pods-ActionForRxSwiftSample.debug.xcconfig */,
				5C8ADF425D7ACF22339D74D3 /* Pods-ActionForRxSwiftSample.release.xcconfig */,
			);
			name = Pods;
			sourceTree = "<group>";
		};
/* End PBXGroup section */

/* Begin PBXNativeTarget section */
		6C5E7B3B1FCAB114009CA3CD /* ActionForRxSwiftSample */ = {
			isa = PBXNativeTarget;
			buildConfigurationList = 6C5E7B4E1FCAB114009CA3CD /* Build configuration list for PBXNativeTarget "ActionForRxSwiftSample" */;
			buildPhases = (
				6BD84F3F9355AF348D38AA98 /* [CP] Check Pods Manifest.lock */,
				6C5E7B381FCAB114009CA3CD /* Sources */,
				6C5E7B391FCAB114009CA3CD /* Frameworks */,
				6C5E7B3A1FCAB114009CA3CD /* Resources */,
				7F5A8638B816C9EF3D5FA3CA /* [CP] Embed Pods Frameworks */,
				0023C27E8EA1B865BB5F593E /* [CP] Copy Pods Resources */,
			);
			buildRules = (
			);
			dependencies = (
			);
			name = ActionForRxSwiftSample;
			productName = ActionForRxSwiftSample;
			productReference = 6C5E7B3C1FCAB114009CA3CD /* ActionForRxSwiftSample.app */;
			productType = "com.apple.product-type.application";
		};
/* End PBXNativeTarget section */

/* Begin PBXProject section */
		6C5E7B341FCAB114009CA3CD /* Project object */ = {
			isa = PBXProject;
			attributes = {
				LastSwiftUpdateCheck = 0910;
				LastUpgradeCheck = 0910;
				ORGANIZATIONNAME = park;
				TargetAttributes = {
					6C5E7B3B1FCAB114009CA3CD = {
						CreatedOnToolsVersion = 9.1;
						ProvisioningStyle = Automatic;
					};
				};
			};
			buildConfigurationList = 6C5E7B371FCAB114009CA3CD /* Build configuration list for PBXProject "ActionForRxSwiftSample" */;
			compatibilityVersion = "Xcode 8.0";
			developmentRegion = en;
			hasScannedForEncodings = 0;
			knownRegions = (
				en,
				Base,
			);
			mainGroup = 6C5E7B331FCAB114009CA3CD;
			productRefGroup = 6C5E7B3D1FCAB114009CA3CD /* Products */;
			projectDirPath = "";
			projectRoot = "";
			targets = (
				6C5E7B3B1FCAB114009CA3CD /* ActionForRxSwiftSample */,
			);
		};
/* End PBXProject section */

/* Begin PBXResourcesBuildPhase section */
		6C5E7B3A1FCAB114009CA3CD /* Resources */ = {
			isa = PBXResourcesBuildPhase;
			buildActionMask = 2147483647;
			files = (
				6C5E7B4A1FCAB114009CA3CD /* LaunchScreen.storyboard in Resources */,
				6C5E7B471FCAB114009CA3CD /* Assets.xcassets in Resources */,
				6C5E7B451FCAB114009CA3CD /* Main.storyboard in Resources */,
			);
			runOnlyForDeploymentPostprocessing = 0;
		};
/* End PBXResourcesBuildPhase section */

/* Begin PBXShellScriptBuildPhase section */
		0023C27E8EA1B865BB5F593E /* [CP] Copy Pods Resources */ = {
			isa = PBXShellScriptBuildPhase;
			buildActionMask = 2147483647;
			files = (
			);
			inputPaths = (
			);
			name = "[CP] Copy Pods Resources";
			outputPaths = (
			);
			runOnlyForDeploymentPostprocessing = 0;
			shellPath = /bin/sh;
			shellScript = "\"${SRCROOT}/Pods/Target Support Files/Pods-ActionForRxSwiftSample/Pods-ActionForRxSwiftSample-resources.sh\"\n";
			showEnvVarsInLog = 0;
		};
		6BD84F3F9355AF348D38AA98 /* [CP] Check Pods Manifest.lock */ = {
			isa = PBXShellScriptBuildPhase;
			buildActionMask = 2147483647;
			files = (
			);
			inputPaths = (
				"${PODS_PODFILE_DIR_PATH}/Podfile.lock",
				"${PODS_ROOT}/Manifest.lock",
			);
			name = "[CP] Check Pods Manifest.lock";
			outputPaths = (
				"$(DERIVED_FILE_DIR)/Pods-ActionForRxSwiftSample-checkManifestLockResult.txt",
			);
			runOnlyForDeploymentPostprocessing = 0;
			shellPath = /bin/sh;
			shellScript = "diff \"${PODS_PODFILE_DIR_PATH}/Podfile.lock\" \"${PODS_ROOT}/Manifest.lock\" > /dev/null\nif [ $? != 0 ] ; then\n    # print error to STDERR\n    echo \"error: The sandbox is not in sync with the Podfile.lock. Run 'pod install' or update your CocoaPods installation.\" >&2\n    exit 1\nfi\n# This output is used by Xcode 'outputs' to avoid re-running this script phase.\necho \"SUCCESS\" > \"${SCRIPT_OUTPUT_FILE_0}\"\n";
			showEnvVarsInLog = 0;
		};
		7F5A8638B816C9EF3D5FA3CA /* [CP] Embed Pods Frameworks */ = {
			isa = PBXShellScriptBuildPhase;
			buildActionMask = 2147483647;
			files = (
			);
			inputPaths = (
				"${SRCROOT}/Pods/Target Support Files/Pods-ActionForRxSwiftSample/Pods-ActionForRxSwiftSample-frameworks.sh",
				"${BUILT_PRODUCTS_DIR}/Action/Action.framework",
				"${BUILT_PRODUCTS_DIR}/Alamofire/Alamofire.framework",
				"${BUILT_PRODUCTS_DIR}/RxCocoa/RxCocoa.framework",
				"${BUILT_PRODUCTS_DIR}/RxSwift/RxSwift.framework",
			);
			name = "[CP] Embed Pods Frameworks";
			outputPaths = (
				"${TARGET_BUILD_DIR}/${FRAMEWORKS_FOLDER_PATH}/Action.framework",
				"${TARGET_BUILD_DIR}/${FRAMEWORKS_FOLDER_PATH}/Alamofire.framework",
				"${TARGET_BUILD_DIR}/${FRAMEWORKS_FOLDER_PATH}/RxCocoa.framework",
				"${TARGET_BUILD_DIR}/${FRAMEWORKS_FOLDER_PATH}/RxSwift.framework",
			);
			runOnlyForDeploymentPostprocessing = 0;
			shellPath = /bin/sh;
			shellScript = "\"${SRCROOT}/Pods/Target Support Files/Pods-ActionForRxSwiftSample/Pods-ActionForRxSwiftSample-frameworks.sh\"\n";
			showEnvVarsInLog = 0;
		};
/* End PBXShellScriptBuildPhase section */

/* Begin PBXSourcesBuildPhase section */
		6C5E7B381FCAB114009CA3CD /* Sources */ = {
			isa = PBXSourcesBuildPhase;
			buildActionMask = 2147483647;
			files = (
				6C5E7B421FCAB114009CA3CD /* ViewController.swift in Sources */,
				6C5E7B401FCAB114009CA3CD /* AppDelegate.swift in Sources */,
			);
			runOnlyForDeploymentPostprocessing = 0;
		};
/* End PBXSourcesBuildPhase section */

/* Begin PBXVariantGroup section */
		6C5E7B431FCAB114009CA3CD /* Main.storyboard */ = {
			isa = PBXVariantGroup;
			children = (
				6C5E7B441FCAB114009CA3CD /* Base */,
			);
			name = Main.storyboard;
			sourceTree = "<group>";
		};
		6C5E7B481FCAB114009CA3CD /* LaunchScreen.storyboard */ = {
			isa = PBXVariantGroup;
			children = (
				6C5E7B491FCAB114009CA3CD /* Base */,
			);
			name = LaunchScreen.storyboard;
			sourceTree = "<group>";
		};
/* End PBXVariantGroup section */

/* Begin XCBuildConfiguration section */
		6C5E7B4C1FCAB114009CA3CD /* Debug */ = {
			isa = XCBuildConfiguration;
			buildSettings = {
				ALWAYS_SEARCH_USER_PATHS = NO;
				CLANG_ANALYZER_NONNULL = YES;
				CLANG_ANALYZER_NUMBER_OBJECT_CONVERSION = YES_AGGRESSIVE;
				CLANG_CXX_LANGUAGE_STANDARD = "gnu++14";
				CLANG_CXX_LIBRARY = "libc++";
				CLANG_ENABLE_MODULES = YES;
				CLANG_ENABLE_OBJC_ARC = YES;
				CLANG_WARN_BLOCK_CAPTURE_AUTORELEASING = YES;
				CLANG_WARN_BOOL_CONVERSION = YES;
				CLANG_WARN_COMMA = YES;
				CLANG_WARN_CONSTANT_CONVERSION = YES;
				CLANG_WARN_DIRECT_OBJC_ISA_USAGE = YES_ERROR;
				CLANG_WARN_DOCUMENTATION_COMMENTS = YES;
				CLANG_WARN_EMPTY_BODY = YES;
				CLANG_WARN_ENUM_CONVERSION = YES;
				CLANG_WARN_INFINITE_RECURSION = YES;
				CLANG_WARN_INT_CONVERSION = YES;
				CLANG_WARN_NON_LITERAL_NULL_CONVERSION = YES;
				CLANG_WARN_OBJC_LITERAL_CONVERSION = YES;
				CLANG_WARN_OBJC_ROOT_CLASS = YES_ERROR;
				CLANG_WARN_RANGE_LOOP_ANALYSIS = YES;
				CLANG_WARN_STRICT_PROTOTYPES = YES;
				CLANG_WARN_SUSPICIOUS_MOVE = YES;
				CLANG_WARN_UNGUARDED_AVAILABILITY = YES_AGGRESSIVE;
				CLANG_WARN_UNREACHABLE_CODE = YES;
				CLANG_WARN__DUPLICATE_METHOD_MATCH = YES;
				CODE_SIGN_IDENTITY = "iPhone Developer";
				COPY_PHASE_STRIP = NO;
				DEBUG_INFORMATION_FORMAT = dwarf;
				ENABLE_STRICT_OBJC_MSGSEND = YES;
				ENABLE_TESTABILITY = YES;
				GCC_C_LANGUAGE_STANDARD = gnu11;
				GCC_DYNAMIC_NO_PIC = NO;
				GCC_NO_COMMON_BLOCKS = YES;
				GCC_OPTIMIZATION_LEVEL = 0;
				GCC_PREPROCESSOR_DEFINITIONS = (
					"DEBUG=1",
					"$(inherited)",
				);
				GCC_WARN_64_TO_32_BIT_CONVERSION = YES;
				GCC_WARN_ABOUT_RETURN_TYPE = YES_ERROR;
				GCC_WARN_UNDECLARED_SELECTOR = YES;
				GCC_WARN_UNINITIALIZED_AUTOS = YES_AGGRESSIVE;
				GCC_WARN_UNUSED_FUNCTION = YES;
				GCC_WARN_UNUSED_VARIABLE = YES;
				IPHONEOS_DEPLOYMENT_TARGET = 11.1;
				MTL_ENABLE_DEBUG_INFO = YES;
				ONLY_ACTIVE_ARCH = YES;
				SDKROOT = iphoneos;
				SWIFT_ACTIVE_COMPILATION_CONDITIONS = DEBUG;
				SWIFT_OPTIMIZATION_LEVEL = "-Onone";
			};
			name = Debug;
		};
		6C5E7B4D1FCAB114009CA3CD /* Release */ = {
			isa = XCBuildConfiguration;
			buildSettings = {
				ALWAYS_SEARCH_USER_PATHS = NO;
				CLANG_ANALYZER_NONNULL = YES;
				CLANG_ANALYZER_NUMBER_OBJECT_CONVERSION = YES_AGGRESSIVE;
				CLANG_CXX_LANGUAGE_STANDARD = "gnu++14";
				CLANG_CXX_LIBRARY = "libc++";
				CLANG_ENABLE_MODULES = YES;
				CLANG_ENABLE_OBJC_ARC = YES;
				CLANG_WARN_BLOCK_CAPTURE_AUTORELEASING = YES;
				CLANG_WARN_BOOL_CONVERSION = YES;
				CLANG_WARN_COMMA = YES;
				CLANG_WARN_CONSTANT_CONVERSION = YES;
				CLANG_WARN_DIRECT_OBJC_ISA_USAGE = YES_ERROR;
				CLANG_WARN_DOCUMENTATION_COMMENTS = YES;
				CLANG_WARN_EMPTY_BODY = YES;
				CLANG_WARN_ENUM_CONVERSION = YES;
				CLANG_WARN_INFINITE_RECURSION = YES;
				CLANG_WARN_INT_CONVERSION = YES;
				CLANG_WARN_NON_LITERAL_NULL_CONVERSION = YES;
				CLANG_WARN_OBJC_LITERAL_CONVERSION = YES;
				CLANG_WARN_OBJC_ROOT_CLASS = YES_ERROR;
				CLANG_WARN_RANGE_LOOP_ANALYSIS = YES;
				CLANG_WARN_STRICT_PROTOTYPES = YES;
				CLANG_WARN_SUSPICIOUS_MOVE = YES;
				CLANG_WARN_UNGUARDED_AVAILABILITY = YES_AGGRESSIVE;
				CLANG_WARN_UNREACHABLE_CODE = YES;
				CLANG_WARN__DUPLICATE_METHOD_MATCH = YES;
				CODE_SIGN_IDENTITY = "iPhone Developer";
				COPY_PHASE_STRIP = NO;
				DEBUG_INFORMATION_FORMAT = "dwarf-with-dsym";
				ENABLE_NS_ASSERTIONS = NO;
				ENABLE_STRICT_OBJC_MSGSEND = YES;
				GCC_C_LANGUAGE_STANDARD = gnu11;
				GCC_NO_COMMON_BLOCKS = YES;
				GCC_WARN_64_TO_32_BIT_CONVERSION = YES;
				GCC_WARN_ABOUT_RETURN_TYPE = YES_ERROR;
				GCC_WARN_UNDECLARED_SELECTOR = YES;
				GCC_WARN_UNINITIALIZED_AUTOS = YES_AGGRESSIVE;
				GCC_WARN_UNUSED_FUNCTION = YES;
				GCC_WARN_UNUSED_VARIABLE = YES;
				IPHONEOS_DEPLOYMENT_TARGET = 11.1;
				MTL_ENABLE_DEBUG_INFO = NO;
				SDKROOT = iphoneos;
				SWIFT_OPTIMIZATION_LEVEL = "-Owholemodule";
				VALIDATE_PRODUCT = YES;
			};
			name = Release;
		};
		6C5E7B4F1FCAB114009CA3CD /* Debug */ = {
			isa = XCBuildConfiguration;
			baseConfigurationReference = 1AF1577F507B12A675707C6C /* Pods-ActionForRxSwiftSample.debug.xcconfig */;
			buildSettings = {
				ASSETCATALOG_COMPILER_APPICON_NAME = AppIcon;
				CODE_SIGN_STYLE = Automatic;
				DEVELOPMENT_TEAM = DSTHRZ4PA6;
				INFOPLIST_FILE = ActionForRxSwiftSample/Info.plist;
				LD_RUNPATH_SEARCH_PATHS = "$(inherited) @executable_path/Frameworks";
				PRODUCT_BUNDLE_IDENTIFIER = sample.ActionForRxSwiftSample;
				PRODUCT_NAME = "$(TARGET_NAME)";
				SWIFT_VERSION = 4.0;
				TARGETED_DEVICE_FAMILY = "1,2";
			};
			name = Debug;
		};
		6C5E7B501FCAB114009CA3CD /* Release */ = {
			isa = XCBuildConfiguration;
			baseConfigurationReference = 5C8ADF425D7ACF22339D74D3 /* Pods-ActionForRxSwiftSample.release.xcconfig */;
			buildSettings = {
				ASSETCATALOG_COMPILER_APPICON_NAME = AppIcon;
				CODE_SIGN_STYLE = Automatic;
				DEVELOPMENT_TEAM = DSTHRZ4PA6;
				INFOPLIST_FILE = ActionForRxSwiftSample/Info.plist;
				LD_RUNPATH_SEARCH_PATHS = "$(inherited) @executable_path/Frameworks";
				PRODUCT_BUNDLE_IDENTIFIER = sample.ActionForRxSwiftSample;
				PRODUCT_NAME = "$(TARGET_NAME)";
				SWIFT_VERSION = 4.0;
				TARGETED_DEVICE_FAMILY = "1,2";
			};
			name = Release;
		};
/* End XCBuildConfiguration section */

/* Begin XCConfigurationList section */
		6C5E7B371FCAB114009CA3CD /* Build configuration list for PBXProject "ActionForRxSwiftSample" */ = {
			isa = XCConfigurationList;
			buildConfigurations = (
				6C5E7B4C1FCAB114009CA3CD /* Debug */,
				6C5E7B4D1FCAB114009CA3CD /* Release */,
			);
			defaultConfigurationIsVisible = 0;
			defaultConfigurationName = Release;
		};
		6C5E7B4E1FCAB114009CA3CD /* Build configuration list for PBXNativeTarget "ActionForRxSwiftSample" */ = {
			isa = XCConfigurationList;
			buildConfigurations = (
				6C5E7B4F1FCAB114009CA3CD /* Debug */,
				6C5E7B501FCAB114009CA3CD /* Release */,
			);
			defaultConfigurationIsVisible = 0;
			defaultConfigurationName = Release;
		};
/* End XCConfigurationList section */
	};
	rootObject = 6C5E7B341FCAB114009CA3CD /* Project object */;
}
